dependencies:
- name: rabbitmq
  repository: file://../charts/rabbitmq
  version: 0.1.0
- name: cnpg-postgres-users
  repository: file://../charts/cnpg-postgres-users
  version: 0.1.0
- name: cnpg-postgres-history
  repository: file://../charts/cnpg-postgres-history
  version: 0.1.0
- name: user-ms
  repository: file://../charts/user-ms
  version: 0.1.0
- name: history-ms
  repository: file://../charts/history-ms
  version: 0.1.0
- name: auth
  repository: file://../charts/auth
  version: 0.1.0
- name: adder-ms
  repository: file://../charts/adder-ms
  version: 0.1.0
- name: subtractor-ms
  repository: file://../charts/subtractor-ms
  version: 0.1.0
- name: multiplier-ms
  repository: file://../charts/multiplier-ms
  version: 0.1.0
- name: divider-ms
  repository: file://../charts/divider-ms
  version: 0.1.0
- name: api-gateway
  repository: file://../charts/api-gateway
  version: 0.1.0
- name: frontend
  repository: file://../charts/frontend
  version: 0.1.0
- name: kube-prometheus-stack
  repository: https://prometheus-community.github.io/helm-charts
  version: 65.1.1
- name: tempo
  repository: https://grafana.github.io/helm-charts
  version: 1.10.1
- name: opentelemetry-collector
  repository: https://open-telemetry.github.io/opentelemetry-helm-charts
  version: 0.138.1
digest: sha256:f6e5985e22d2c38b8ed2ee02d91ef71b2b2ef165e3694827f587e223fcc96018
generated: "2025-11-04T18:02:27.3628487+04:00"
